
Microsoft Visual Studio Solution File, Format Version 12.00
# Visual Studio Version 17
VisualStudioVersion = 17.3.32929.385
MinimumVisualStudioVersion = 10.0.40219.1
Project("{FAE04EC0-301F-11D3-BF4B-00C04F79EFBC}") = "MyTask", "MyTask\MyTask.csproj", "{4E5ADF16-6CD5-4777-A50B-0D874238AE50}"
EndProject
Global
	GlobalSection(SolutionConfigurationPlatforms) = preSolution
		Debug|Any CPU = Debug|Any CPU
		Release|Any CPU = Release|Any CPU
	EndGlobalSection
	GlobalSection(ProjectConfigurationPlatforms) = postSolution
		{4E5ADF16-6CD5-4777-A50B-0D874238AE50}.Debug|Any CPU.ActiveCfg = Debug|Any CPU
		{4E5ADF16-6CD5-4777-A50B-0D874238AE50}.Debug|Any CPU.Build.0 = Debug|Any CPU
		{4E5ADF16-6CD5-4777-A50B-0D874238AE50}.Release|Any CPU.ActiveCfg = Release|Any CPU
		{4E5ADF16-6CD5-4777-A50B-0D874238AE50}.Release|Any CPU.Build.0 = Release|Any CPU
	EndGlobalSection
	GlobalSection(SolutionProperties) = preSolution
		HideSolutionNode = FALSE
	EndGlobalSection
	GlobalSection(ExtensibilityGlobals) = postSolution
		SolutionGuid = {5FDC7255-55E3-4E65-B1B2-59D8B4E73FF2}
	EndGlobalSection
EndGlobal
